PODS:
  - tealium-swift/Collect (2.2.2):
    - tealium-swift/Core
  - tealium-swift/Core (2.2.2)
  - tealium-swift/Lifecycle (2.2.2):
    - tealium-swift/Core
  - tealium-swift/RemoteCommands (2.2.2):
    - tealium-swift/Core
  - tealium-swift/TagManagement (2.2.2):
    - tealium-swift/Core
  - tealium-swift/VisitorService (2.2.2):
    - tealium-swift/Core

DEPENDENCIES:
  - tealium-swift/Collect
  - tealium-swift/Core
  - tealium-swift/Lifecycle
  - tealium-swift/RemoteCommands
  - tealium-swift/TagManagement
  - tealium-swift/VisitorService

SPEC REPOS:
  trunk:
    - tealium-swift

SPEC CHECKSUMS:
  tealium-swift: 3fed069f2066953da4b02491f5e9aadd87cc3845

PODFILE CHECKSUM: 26b546091324ddbe6da517d4a2f4953f119e8074

COCOAPODS: 1.10.1
